{
    "_readme": [
        "This file locks the dependencies of your project to a known state",
        "Read more about it at https://getcomposer.org/doc/01-basic-usage.md#installing-dependencies",
        "This file is @generated automatically"
    ],
    "content-hash": "df7dc1b09a0ada5855b26a6fca1283ac",
    "packages": [
        {
            "name": "czproject/git-php",
            "version": "v3.17.0",
            "source": {
                "type": "git",
                "url": "https://github.com/czproject/git-php.git",
                "reference": "a7b911b81a2fe626f748a4ac8955353c5777bc6c"
            },
            "dist": {
                "type": "zip",
                "url": "https://api.github.com/repos/czproject/git-php/zipball/a7b911b81a2fe626f748a4ac8955353c5777bc6c",
                "reference": "a7b911b81a2fe626f748a4ac8955353c5777bc6c",
                "shasum": ""
            },
            "require": {
                "php": ">=5.4.0"
            },
            "require-dev": {
                "nette/tester": "^1.1"
            },
            "type": "library",
            "autoload": {
                "classmap": [
                    "src/"
                ]
            },
            "notification-url": "https://packagist.org/downloads/",
            "license": [
                "BSD-3-Clause"
            ],
            "authors": [
                {
                    "name": "Jan Pecha",
                    "email": "janpecha@email.cz"
                }
            ],
            "description": "Library for work with Git repository in PHP.",
            "keywords": [
                "git"
            ],
            "time": "2019-02-09T13:11:36+00:00"
        }
    ],
    "packages-dev": [],
    "aliases": [],
    "minimum-stability": "stable",
    "stability-flags": [],
    "prefer-stable": false,
    "prefer-lowest": false,
    "platform": [],
    "platform-dev": []
}
